
Microsoft Visual Studio Solution File, Format Version 12.00
# Visual Studio Version 16
VisualStudioVersion = 16.0.32510.428
MinimumVisualStudioVersion = 10.0.40219.1
Project("{FAE04EC0-301F-11D3-BF4B-00C04F79EFBC}") = "PM2E10280.Android", "PM2E10280.Android\PM2E10280.Android.csproj", "{7296F070-218F-433D-B997-8993EA440DE2}"
EndProject
Project("{FAE04EC0-301F-11D3-BF4B-00C04F79EFBC}") = "PM2E10280", "PM2E10280\PM2E10280.csproj", "{15713A5E-DA23-4ED1-AFFA-D3B24BD44BEF}"
EndProject
Global
	GlobalSection(SolutionConfigurationPlatforms) = preSolution
		Debug|Any CPU = Debug|Any CPU
		Release|Any CPU = Release|Any CPU
	EndGlobalSection
	GlobalSection(ProjectConfigurationPlatforms) = postSolution
		{7296F070-218F-433D-B997-8993EA440DE2}.Debug|Any CPU.ActiveCfg = Debug|Any CPU
		{7296F070-218F-433D-B997-8993EA440DE2}.Debug|Any CPU.Build.0 = Debug|Any CPU
		{7296F070-218F-433D-B997-8993EA440DE2}.Debug|Any CPU.Deploy.0 = Debug|Any CPU
		{7296F070-218F-433D-B997-8993EA440DE2}.Release|Any CPU.ActiveCfg = Release|Any CPU
		{7296F070-218F-433D-B997-8993EA440DE2}.Release|Any CPU.Build.0 = Release|Any CPU
		{7296F070-218F-433D-B997-8993EA440DE2}.Release|Any CPU.Deploy.0 = Release|Any CPU
		{15713A5E-DA23-4ED1-AFFA-D3B24BD44BEF}.Debug|Any CPU.ActiveCfg = Debug|Any CPU
		{15713A5E-DA23-4ED1-AFFA-D3B24BD44BEF}.Debug|Any CPU.Build.0 = Debug|Any CPU
		{15713A5E-DA23-4ED1-AFFA-D3B24BD44BEF}.Debug|Any CPU.Deploy.0 = Debug|Any CPU
		{15713A5E-DA23-4ED1-AFFA-D3B24BD44BEF}.Release|Any CPU.ActiveCfg = Release|Any CPU
		{15713A5E-DA23-4ED1-AFFA-D3B24BD44BEF}.Release|Any CPU.Build.0 = Release|Any CPU
		{15713A5E-DA23-4ED1-AFFA-D3B24BD44BEF}.Release|Any CPU.Deploy.0 = Release|Any CPU
	EndGlobalSection
	GlobalSection(SolutionProperties) = preSolution
		HideSolutionNode = FALSE
	EndGlobalSection
	GlobalSection(ExtensibilityGlobals) = postSolution
		SolutionGuid = {8E7E6613-1453-4FE5-8264-C04159B29B10}
	EndGlobalSection
EndGlobal
